
Microsoft Visual Studio Solution File, Format Version 12.00
# Visual Studio Version 17
VisualStudioVersion = 17.9.34728.123
MinimumVisualStudioVersion = 10.0.40219.1
Project("{8BC9CEB8-8B4A-11D0-8D11-00A0C91BC942}") = "ConsoleApplication2", "ConsoleApplication2.vcxproj", "{91C4E16B-1B21-4BD4-BD4C-27471B2C5C70}"
EndProject
Global
	GlobalSection(SolutionConfigurationPlatforms) = preSolution
		Debug|x64 = Debug|x64
		Debug|x86 = Debug|x86
		Release|x64 = Release|x64
		Release|x86 = Release|x86
	EndGlobalSection
	GlobalSection(ProjectConfigurationPlatforms) = postSolution
		{91C4E16B-1B21-4BD4-BD4C-27471B2C5C70}.Debug|x64.ActiveCfg = Debug|x64
		{91C4E16B-1B21-4BD4-BD4C-27471B2C5C70}.Debug|x64.Build.0 = Debug|x64
		{91C4E16B-1B21-4BD4-BD4C-27471B2C5C70}.Debug|x86.ActiveCfg = Debug|Win32
		{91C4E16B-1B21-4BD4-BD4C-27471B2C5C70}.Debug|x86.Build.0 = Debug|Win32
		{91C4E16B-1B21-4BD4-BD4C-27471B2C5C70}.Release|x64.ActiveCfg = Release|x64
		{91C4E16B-1B21-4BD4-BD4C-27471B2C5C70}.Release|x64.Build.0 = Release|x64
		{91C4E16B-1B21-4BD4-BD4C-27471B2C5C70}.Release|x86.ActiveCfg = Release|Win32
		{91C4E16B-1B21-4BD4-BD4C-27471B2C5C70}.Release|x86.Build.0 = Release|Win32
	EndGlobalSection
	GlobalSection(SolutionProperties) = preSolution
		HideSolutionNode = FALSE
	EndGlobalSection
	GlobalSection(ExtensibilityGlobals) = postSolution
		SolutionGuid = {E1897F1B-DE7E-4A13-962E-71FB11ECEF3E}
	EndGlobalSection
EndGlobal
